
Microsoft Visual Studio Solution File, Format Version 12.00
# Visual Studio Version 17
VisualStudioVersion = 17.3.32922.545
MinimumVisualStudioVersion = 10.0.40219.1
Project("{FAE04EC0-301F-11D3-BF4B-00C04F79EFBC}") = "MESClient", "MESClient.csproj", "{125240C7-1131-4641-8EB6-1000EB5478B9}"
	ProjectSection(ProjectDependencies) = postProject
		{C14E0400-A965-4389-9C66-2048A41F6AD9} = {C14E0400-A965-4389-9C66-2048A41F6AD9}
		{F7657612-69FE-42B2-A99E-A1B63BC591F3} = {F7657612-69FE-42B2-A99E-A1B63BC591F3}
		{66A4132A-2ACE-4A05-ADF5-AF7BAAD6A7D8} = {66A4132A-2ACE-4A05-ADF5-AF7BAAD6A7D8}
		{9D8C0236-B106-44AE-8987-67BAFA27486C} = {9D8C0236-B106-44AE-8987-67BAFA27486C}
		{BAF00140-DC5A-48A9-9423-3FE252359429} = {BAF00140-DC5A-48A9-9423-3FE252359429}
		{37390C51-78E1-4AF8-8227-2F6C1A2E7480} = {37390C51-78E1-4AF8-8227-2F6C1A2E7480}
		{246DD2AD-3FB0-44AE-9DF8-A7B7C6A1E852} = {246DD2AD-3FB0-44AE-9DF8-A7B7C6A1E852}
		{0547C8B1-B1B3-45C9-B192-8D0F38891221} = {0547C8B1-B1B3-45C9-B192-8D0F38891221}
		{D23333D5-F4B7-44DE-987F-1B5A73587C66} = {D23333D5-F4B7-44DE-987F-1B5A73587C66}
		{541660EB-1EE4-48DF-8C18-D058588707ED} = {541660EB-1EE4-48DF-8C18-D058588707ED}
	EndProjectSection
EndProject
Project("{2150E333-8FDC-42A3-9474-1A3956D46DE8}") = "SetupKits", "SetupKits", "{7ADA0047-94A2-463A-94A4-D7E2A4FA270E}"
EndProject
Project("{FAE04EC0-301F-11D3-BF4B-00C04F79EFBC}") = "Miracom.MESCore", "Miracom.MESCore\Miracom.MESCore.csproj", "{F7657612-69FE-42B2-A99E-A1B63BC591F3}"
EndProject
Project("{FAE04EC0-301F-11D3-BF4B-00C04F79EFBC}") = "Miracom.WIPCore", "Miracom.WIPCore\Miracom.WIPCore.csproj", "{D23333D5-F4B7-44DE-987F-1B5A73587C66}"
EndProject
Project("{FAE04EC0-301F-11D3-BF4B-00C04F79EFBC}") = "Miracom.DNMCore", "Miracom.DNMCore\Miracom.DNMCore.csproj", "{541660EB-1EE4-48DF-8C18-D058588707ED}"
EndProject
Project("{FAE04EC0-301F-11D3-BF4B-00C04F79EFBC}") = "Miracom.CliFrx", "Miracom.CliFrx\Miracom.CliFrx.csproj", "{BAF00140-DC5A-48A9-9423-3FE252359429}"
EndProject
Project("{FAE04EC0-301F-11D3-BF4B-00C04F79EFBC}") = "Miracom.BASCore", "Miracom.BASCore\Miracom.BASCore.csproj", "{0547C8B1-B1B3-45C9-B192-8D0F38891221}"
EndProject
Project("{FAE04EC0-301F-11D3-BF4B-00C04F79EFBC}") = "CUS_BAS", "CUS_BAS\CUS_BAS.csproj", "{9D8C0236-B106-44AE-8987-67BAFA27486C}"
EndProject
Project("{FAE04EC0-301F-11D3-BF4B-00C04F79EFBC}") = "CUS_COM", "CUS_COM\CUS_COM.csproj", "{3C73EA3B-CCA6-4E6B-B0F3-F054BCE8EB4B}"
EndProject
Project("{FAE04EC0-301F-11D3-BF4B-00C04F79EFBC}") = "CUS_WIP", "CUS_WIP\CUS_WIP.csproj", "{66A4132A-2ACE-4A05-ADF5-AF7BAAD6A7D8}"
EndProject
Project("{FAE04EC0-301F-11D3-BF4B-00C04F79EFBC}") = "CUS_RAS", "CUS_RAS\CUS_RAS.csproj", "{FDD5493E-EC90-427F-8DB8-354D147D6FFB}"
EndProject
Project("{FAE04EC0-301F-11D3-BF4B-00C04F79EFBC}") = "CUS_ORD", "CUS_ORD\CUS_ORD.csproj", "{72F88714-3591-4587-A5F2-817A6D7E9F2D}"
EndProject
Project("{FAE04EC0-301F-11D3-BF4B-00C04F79EFBC}") = "CUS_INV", "CUS_INV\CUS_INV.csproj", "{1789E066-392B-4A66-94F9-5B2566C2F112}"
EndProject
Project("{FAE04EC0-301F-11D3-BF4B-00C04F79EFBC}") = "Miracom.EDCCore", "Miracom.EDCCore\Miracom.EDCCore.csproj", "{246DD2AD-3FB0-44AE-9DF8-A7B7C6A1E852}"
EndProject
Project("{FAE04EC0-301F-11D3-BF4B-00C04F79EFBC}") = "CUS_QCM", "CUS_QCM\CUS_QCM.csproj", "{37390C51-78E1-4AF8-8227-2F6C1A2E7480}"
EndProject
Project("{FAE04EC0-301F-11D3-BF4B-00C04F79EFBC}") = "CUS_SHP", "CUS_SHP\CUS_SHP.csproj", "{C14E0400-A965-4389-9C66-2048A41F6AD9}"
EndProject
Project("{FAE04EC0-301F-11D3-BF4B-00C04F79EFBC}") = "Miracom.ORDCore", "Miracom.ORDCore\Miracom.ORDCore.csproj", "{2BF1596C-58CC-480E-B748-5328F038967C}"
EndProject
Project("{54435603-DBB4-11D2-8724-00A0C9A8B90C}") = "MESClientSetupKit", "MESClientSetupKit\MESClientSetupKit.vdproj", "{2E5CC3EF-27CE-464B-85DB-DAFDF5EBF0B3}"
EndProject
Project("{FAE04EC0-301F-11D3-BF4B-00C04F79EFBC}") = "Miracom.SPMCore", "Miracom.SPMCore\Miracom.SPMCore.csproj", "{B7663F33-1159-44C2-A3A9-094D96AEF9AA}"
EndProject
Global
	GlobalSection(SolutionConfigurationPlatforms) = preSolution
		Debug_Http|Any CPU = Debug_Http|Any CPU
		Debug_Http|x86 = Debug_Http|x86
		Debug_TibRv|Any CPU = Debug_TibRv|Any CPU
		Debug_TibRv|x86 = Debug_TibRv|x86
		Debug|Any CPU = Debug|Any CPU
		Debug|x86 = Debug|x86
		Release_Http|Any CPU = Release_Http|Any CPU
		Release_Http|x86 = Release_Http|x86
		Release_QI|Any CPU = Release_QI|Any CPU
		Release_QI|x86 = Release_QI|x86
		Release_TibRv|Any CPU = Release_TibRv|Any CPU
		Release_TibRv|x86 = Release_TibRv|x86
		Release|Any CPU = Release|Any CPU
		Release|x86 = Release|x86
	EndGlobalSection
	GlobalSection(ProjectConfigurationPlatforms) = postSolution
		{125240C7-1131-4641-8EB6-1000EB5478B9}.Debug_Http|Any CPU.ActiveCfg = Debug|Any CPU
		{125240C7-1131-4641-8EB6-1000EB5478B9}.Debug_Http|Any CPU.Build.0 = Debug|Any CPU
		{125240C7-1131-4641-8EB6-1000EB5478B9}.Debug_Http|x86.ActiveCfg = Debug_Http|Any CPU
		{125240C7-1131-4641-8EB6-1000EB5478B9}.Debug_TibRv|Any CPU.ActiveCfg = Debug|x86
		{125240C7-1131-4641-8EB6-1000EB5478B9}.Debug_TibRv|Any CPU.Build.0 = Debug|x86
		{125240C7-1131-4641-8EB6-1000EB5478B9}.Debug_TibRv|x86.ActiveCfg = Debug_Http|Any CPU
		{125240C7-1131-4641-8EB6-1000EB5478B9}.Debug|Any CPU.ActiveCfg = Debug|Any CPU
		{125240C7-1131-4641-8EB6-1000EB5478B9}.Debug|Any CPU.Build.0 = Debug|Any CPU
		{125240C7-1131-4641-8EB6-1000EB5478B9}.Debug|x86.ActiveCfg = Debug|Any CPU
		{125240C7-1131-4641-8EB6-1000EB5478B9}.Release_Http|Any CPU.ActiveCfg = Release_Http|Any CPU
		{125240C7-1131-4641-8EB6-1000EB5478B9}.Release_Http|Any CPU.Build.0 = Release_Http|Any CPU
		{125240C7-1131-4641-8EB6-1000EB5478B9}.Release_Http|x86.ActiveCfg = Release_Http|Any CPU
		{125240C7-1131-4641-8EB6-1000EB5478B9}.Release_QI|Any CPU.ActiveCfg = Release_QI|Any CPU
		{125240C7-1131-4641-8EB6-1000EB5478B9}.Release_QI|Any CPU.Build.0 = Release_QI|Any CPU
		{125240C7-1131-4641-8EB6-1000EB5478B9}.Release_QI|x86.ActiveCfg = Release_QI|x86
		{125240C7-1131-4641-8EB6-1000EB5478B9}.Release_QI|x86.Build.0 = Release_QI|x86
		{125240C7-1131-4641-8EB6-1000EB5478B9}.Release_TibRv|Any CPU.ActiveCfg = Release|x86
		{125240C7-1131-4641-8EB6-1000EB5478B9}.Release_TibRv|Any CPU.Build.0 = Release|x86
		{125240C7-1131-4641-8EB6-1000EB5478B9}.Release_TibRv|x86.ActiveCfg = Release_Http|Any CPU
		{125240C7-1131-4641-8EB6-1000EB5478B9}.Release|Any CPU.ActiveCfg = Release|Any CPU
		{125240C7-1131-4641-8EB6-1000EB5478B9}.Release|Any CPU.Build.0 = Release|Any CPU
		{125240C7-1131-4641-8EB6-1000EB5478B9}.Release|x86.ActiveCfg = Release|Any CPU
		{F7657612-69FE-42B2-A99E-A1B63BC591F3}.Debug_Http|Any CPU.ActiveCfg = Debug_Http|Any CPU
		{F7657612-69FE-42B2-A99E-A1B63BC591F3}.Debug_Http|Any CPU.Build.0 = Debug_Http|Any CPU
		{F7657612-69FE-42B2-A99E-A1B63BC591F3}.Debug_Http|x86.ActiveCfg = Debug_Http|Any CPU
		{F7657612-69FE-42B2-A99E-A1B63BC591F3}.Debug_Http|x86.Build.0 = Debug_Http|Any CPU
		{F7657612-69FE-42B2-A99E-A1B63BC591F3}.Debug_TibRv|Any CPU.ActiveCfg = Debug_Http|Any CPU
		{F7657612-69FE-42B2-A99E-A1B63BC591F3}.Debug_TibRv|Any CPU.Build.0 = Debug_Http|Any CPU
		{F7657612-69FE-42B2-A99E-A1B63BC591F3}.Debug_TibRv|x86.ActiveCfg = Debug_Http|Any CPU
		{F7657612-69FE-42B2-A99E-A1B63BC591F3}.Debug_TibRv|x86.Build.0 = Debug_Http|Any CPU
		{F7657612-69FE-42B2-A99E-A1B63BC591F3}.Debug|Any CPU.ActiveCfg = Debug|Any CPU
		{F7657612-69FE-42B2-A99E-A1B63BC591F3}.Debug|Any CPU.Build.0 = Debug|Any CPU
		{F7657612-69FE-42B2-A99E-A1B63BC591F3}.Debug|x86.ActiveCfg = Debug|Any CPU
		{F7657612-69FE-42B2-A99E-A1B63BC591F3}.Debug|x86.Build.0 = Debug|Any CPU
		{F7657612-69FE-42B2-A99E-A1B63BC591F3}.Release_Http|Any CPU.ActiveCfg = Release_Http|Any CPU
		{F7657612-69FE-42B2-A99E-A1B63BC591F3}.Release_Http|Any CPU.Build.0 = Release_Http|Any CPU
		{F7657612-69FE-42B2-A99E-A1B63BC591F3}.Release_Http|x86.ActiveCfg = Release_Http|Any CPU
		{F7657612-69FE-42B2-A99E-A1B63BC591F3}.Release_Http|x86.Build.0 = Release_Http|Any CPU
		{F7657612-69FE-42B2-A99E-A1B63BC591F3}.Release_QI|Any CPU.ActiveCfg = Release_QI|Any CPU
		{F7657612-69FE-42B2-A99E-A1B63BC591F3}.Release_QI|Any CPU.Build.0 = Release_QI|Any CPU
		{F7657612-69FE-42B2-A99E-A1B63BC591F3}.Release_QI|x86.ActiveCfg = Release_QI|Any CPU
		{F7657612-69FE-42B2-A99E-A1B63BC591F3}.Release_QI|x86.Build.0 = Release_QI|Any CPU
		{F7657612-69FE-42B2-A99E-A1B63BC591F3}.Release_TibRv|Any CPU.ActiveCfg = Release_QI|Any CPU
		{F7657612-69FE-42B2-A99E-A1B63BC591F3}.Release_TibRv|Any CPU.Build.0 = Release_QI|Any CPU
		{F7657612-69FE-42B2-A99E-A1B63BC591F3}.Release_TibRv|x86.ActiveCfg = Release_QI|Any CPU
		{F7657612-69FE-42B2-A99E-A1B63BC591F3}.Release_TibRv|x86.Build.0 = Release_QI|Any CPU
		{F7657612-69FE-42B2-A99E-A1B63BC591F3}.Release|Any CPU.ActiveCfg = Release|Any CPU
		{F7657612-69FE-42B2-A99E-A1B63BC591F3}.Release|Any CPU.Build.0 = Release|Any CPU
		{F7657612-69FE-42B2-A99E-A1B63BC591F3}.Release|x86.ActiveCfg = Release|Any CPU
		{F7657612-69FE-42B2-A99E-A1B63BC591F3}.Release|x86.Build.0 = Release|Any CPU
		{D23333D5-F4B7-44DE-987F-1B5A73587C66}.Debug_Http|Any CPU.ActiveCfg = Debug_Http|Any CPU
		{D23333D5-F4B7-44DE-987F-1B5A73587C66}.Debug_Http|Any CPU.Build.0 = Debug_Http|Any CPU
		{D23333D5-F4B7-44DE-987F-1B5A73587C66}.Debug_Http|x86.ActiveCfg = Debug_Http|Any CPU
		{D23333D5-F4B7-44DE-987F-1B5A73587C66}.Debug_Http|x86.Build.0 = Debug_Http|Any CPU
		{D23333D5-F4B7-44DE-987F-1B5A73587C66}.Debug_TibRv|Any CPU.ActiveCfg = Debug_Http|Any CPU
		{D23333D5-F4B7-44DE-987F-1B5A73587C66}.Debug_TibRv|Any CPU.Build.0 = Debug_Http|Any CPU
		{D23333D5-F4B7-44DE-987F-1B5A73587C66}.Debug_TibRv|x86.ActiveCfg = Debug_Http|Any CPU
		{D23333D5-F4B7-44DE-987F-1B5A73587C66}.Debug_TibRv|x86.Build.0 = Debug_Http|Any CPU
		{D23333D5-F4B7-44DE-987F-1B5A73587C66}.Debug|Any CPU.ActiveCfg = Debug|Any CPU
		{D23333D5-F4B7-44DE-987F-1B5A73587C66}.Debug|Any CPU.Build.0 = Debug|Any CPU
		{D23333D5-F4B7-44DE-987F-1B5A73587C66}.Debug|x86.ActiveCfg = Debug|Any CPU
		{D23333D5-F4B7-44DE-987F-1B5A73587C66}.Debug|x86.Build.0 = Debug|Any CPU
		{D23333D5-F4B7-44DE-987F-1B5A73587C66}.Release_Http|Any CPU.ActiveCfg = Release_Http|Any CPU
		{D23333D5-F4B7-44DE-987F-1B5A73587C66}.Release_Http|Any CPU.Build.0 = Release_Http|Any CPU
		{D23333D5-F4B7-44DE-987F-1B5A73587C66}.Release_Http|x86.ActiveCfg = Release_Http|Any CPU
		{D23333D5-F4B7-44DE-987F-1B5A73587C66}.Release_Http|x86.Build.0 = Release_Http|Any CPU
		{D23333D5-F4B7-44DE-987F-1B5A73587C66}.Release_QI|Any CPU.ActiveCfg = Release_QI|Any CPU
		{D23333D5-F4B7-44DE-987F-1B5A73587C66}.Release_QI|Any CPU.Build.0 = Release_QI|Any CPU
		{D23333D5-F4B7-44DE-987F-1B5A73587C66}.Release_QI|x86.ActiveCfg = Release_QI|Any CPU
		{D23333D5-F4B7-44DE-987F-1B5A73587C66}.Release_QI|x86.Build.0 = Release_QI|Any CPU
		{D23333D5-F4B7-44DE-987F-1B5A73587C66}.Release_TibRv|Any CPU.ActiveCfg = Release_QI|Any CPU
		{D23333D5-F4B7-44DE-987F-1B5A73587C66}.Release_TibRv|Any CPU.Build.0 = Release_QI|Any CPU
		{D23333D5-F4B7-44DE-987F-1B5A73587C66}.Release_TibRv|x86.ActiveCfg = Release_QI|Any CPU
		{D23333D5-F4B7-44DE-987F-1B5A73587C66}.Release_TibRv|x86.Build.0 = Release_QI|Any CPU
		{D23333D5-F4B7-44DE-987F-1B5A73587C66}.Release|Any CPU.ActiveCfg = Release|Any CPU
		{D23333D5-F4B7-44DE-987F-1B5A73587C66}.Release|Any CPU.Build.0 = Release|Any CPU
		{D23333D5-F4B7-44DE-987F-1B5A73587C66}.Release|x86.ActiveCfg = Release|Any CPU
		{D23333D5-F4B7-44DE-987F-1B5A73587C66}.Release|x86.Build.0 = Release|Any CPU
		{541660EB-1EE4-48DF-8C18-D058588707ED}.Debug_Http|Any CPU.ActiveCfg = Debug|Any CPU
		{541660EB-1EE4-48DF-8C18-D058588707ED}.Debug_Http|Any CPU.Build.0 = Debug|Any CPU
		{541660EB-1EE4-48DF-8C18-D058588707ED}.Debug_Http|x86.ActiveCfg = Debug|x86
		{541660EB-1EE4-48DF-8C18-D058588707ED}.Debug_Http|x86.Build.0 = Debug|x86
		{541660EB-1EE4-48DF-8C18-D058588707ED}.Debug_TibRv|Any CPU.ActiveCfg = Debug|Any CPU
		{541660EB-1EE4-48DF-8C18-D058588707ED}.Debug_TibRv|Any CPU.Build.0 = Debug|Any CPU
		{541660EB-1EE4-48DF-8C18-D058588707ED}.Debug_TibRv|x86.ActiveCfg = Debug|x86
		{541660EB-1EE4-48DF-8C18-D058588707ED}.Debug_TibRv|x86.Build.0 = Debug|x86
		{541660EB-1EE4-48DF-8C18-D058588707ED}.Debug|Any CPU.ActiveCfg = Debug|Any CPU
		{541660EB-1EE4-48DF-8C18-D058588707ED}.Debug|Any CPU.Build.0 = Debug|Any CPU
		{541660EB-1EE4-48DF-8C18-D058588707ED}.Debug|x86.ActiveCfg = Debug|x86
		{541660EB-1EE4-48DF-8C18-D058588707ED}.Debug|x86.Build.0 = Debug|x86
		{541660EB-1EE4-48DF-8C18-D058588707ED}.Release_Http|Any CPU.ActiveCfg = Release|Any CPU
		{541660EB-1EE4-48DF-8C18-D058588707ED}.Release_Http|Any CPU.Build.0 = Release|Any CPU
		{541660EB-1EE4-48DF-8C18-D058588707ED}.Release_Http|x86.ActiveCfg = Release|x86
		{541660EB-1EE4-48DF-8C18-D058588707ED}.Release_Http|x86.Build.0 = Release|x86
		{541660EB-1EE4-48DF-8C18-D058588707ED}.Release_QI|Any CPU.ActiveCfg = Release|Any CPU
		{541660EB-1EE4-48DF-8C18-D058588707ED}.Release_QI|Any CPU.Build.0 = Release|Any CPU
		{541660EB-1EE4-48DF-8C18-D058588707ED}.Release_QI|x86.ActiveCfg = Release|x86
		{541660EB-1EE4-48DF-8C18-D058588707ED}.Release_QI|x86.Build.0 = Release|x86
		{541660EB-1EE4-48DF-8C18-D058588707ED}.Release_TibRv|Any CPU.ActiveCfg = Release|Any CPU
		{541660EB-1EE4-48DF-8C18-D058588707ED}.Release_TibRv|Any CPU.Build.0 = Release|Any CPU
		{541660EB-1EE4-48DF-8C18-D058588707ED}.Release_TibRv|x86.ActiveCfg = Release|x86
		{541660EB-1EE4-48DF-8C18-D058588707ED}.Release_TibRv|x86.Build.0 = Release|x86
		{541660EB-1EE4-48DF-8C18-D058588707ED}.Release|Any CPU.ActiveCfg = Release|Any CPU
		{541660EB-1EE4-48DF-8C18-D058588707ED}.Release|Any CPU.Build.0 = Release|Any CPU
		{541660EB-1EE4-48DF-8C18-D058588707ED}.Release|x86.ActiveCfg = Release|x86
		{541660EB-1EE4-48DF-8C18-D058588707ED}.Release|x86.Build.0 = Release|x86
		{BAF00140-DC5A-48A9-9423-3FE252359429}.Debug_Http|Any CPU.ActiveCfg = Debug_Http|Any CPU
		{BAF00140-DC5A-48A9-9423-3FE252359429}.Debug_Http|Any CPU.Build.0 = Debug_Http|Any CPU
		{BAF00140-DC5A-48A9-9423-3FE252359429}.Debug_Http|x86.ActiveCfg = Debug_Http|Any CPU
		{BAF00140-DC5A-48A9-9423-3FE252359429}.Debug_Http|x86.Build.0 = Debug_Http|Any CPU
		{BAF00140-DC5A-48A9-9423-3FE252359429}.Debug_TibRv|Any CPU.ActiveCfg = Debug_Http|Any CPU
		{BAF00140-DC5A-48A9-9423-3FE252359429}.Debug_TibRv|Any CPU.Build.0 = Debug_Http|Any CPU
		{BAF00140-DC5A-48A9-9423-3FE252359429}.Debug_TibRv|x86.ActiveCfg = Debug_Http|Any CPU
		{BAF00140-DC5A-48A9-9423-3FE252359429}.Debug_TibRv|x86.Build.0 = Debug_Http|Any CPU
		{BAF00140-DC5A-48A9-9423-3FE252359429}.Debug|Any CPU.ActiveCfg = Debug|Any CPU
		{BAF00140-DC5A-48A9-9423-3FE252359429}.Debug|Any CPU.Build.0 = Debug|Any CPU
		{BAF00140-DC5A-48A9-9423-3FE252359429}.Debug|x86.ActiveCfg = Debug|Any CPU
		{BAF00140-DC5A-48A9-9423-3FE252359429}.Debug|x86.Build.0 = Debug|Any CPU
		{BAF00140-DC5A-48A9-9423-3FE252359429}.Release_Http|Any CPU.ActiveCfg = Release_Http|Any CPU
		{BAF00140-DC5A-48A9-9423-3FE252359429}.Release_Http|Any CPU.Build.0 = Release_Http|Any CPU
		{BAF00140-DC5A-48A9-9423-3FE252359429}.Release_Http|x86.ActiveCfg = Release_Http|Any CPU
		{BAF00140-DC5A-48A9-9423-3FE252359429}.Release_Http|x86.Build.0 = Release_Http|Any CPU
		{BAF00140-DC5A-48A9-9423-3FE252359429}.Release_QI|Any CPU.ActiveCfg = Release_QI|Any CPU
		{BAF00140-DC5A-48A9-9423-3FE252359429}.Release_QI|Any CPU.Build.0 = Release_QI|Any CPU
		{BAF00140-DC5A-48A9-9423-3FE252359429}.Release_QI|x86.ActiveCfg = Release_QI|Any CPU
		{BAF00140-DC5A-48A9-9423-3FE252359429}.Release_QI|x86.Build.0 = Release_QI|Any CPU
		{BAF00140-DC5A-48A9-9423-3FE252359429}.Release_TibRv|Any CPU.ActiveCfg = Release_QI|Any CPU
		{BAF00140-DC5A-48A9-9423-3FE252359429}.Release_TibRv|Any CPU.Build.0 = Release_QI|Any CPU
		{BAF00140-DC5A-48A9-9423-3FE252359429}.Release_TibRv|x86.ActiveCfg = Release_QI|Any CPU
		{BAF00140-DC5A-48A9-9423-3FE252359429}.Release_TibRv|x86.Build.0 = Release_QI|Any CPU
		{BAF00140-DC5A-48A9-9423-3FE252359429}.Release|Any CPU.ActiveCfg = Release|Any CPU
		{BAF00140-DC5A-48A9-9423-3FE252359429}.Release|Any CPU.Build.0 = Release|Any CPU
		{BAF00140-DC5A-48A9-9423-3FE252359429}.Release|x86.ActiveCfg = Release|Any CPU
		{BAF00140-DC5A-48A9-9423-3FE252359429}.Release|x86.Build.0 = Release|Any CPU
		{0547C8B1-B1B3-45C9-B192-8D0F38891221}.Debug_Http|Any CPU.ActiveCfg = Debug_Http|Any CPU
		{0547C8B1-B1B3-45C9-B192-8D0F38891221}.Debug_Http|Any CPU.Build.0 = Debug_Http|Any CPU
		{0547C8B1-B1B3-45C9-B192-8D0F38891221}.Debug_Http|x86.ActiveCfg = Debug_Http|Any CPU
		{0547C8B1-B1B3-45C9-B192-8D0F38891221}.Debug_Http|x86.Build.0 = Debug_Http|Any CPU
		{0547C8B1-B1B3-45C9-B192-8D0F38891221}.Debug_TibRv|Any CPU.ActiveCfg = Debug_Http|Any CPU
		{0547C8B1-B1B3-45C9-B192-8D0F38891221}.Debug_TibRv|Any CPU.Build.0 = Debug_Http|Any CPU
		{0547C8B1-B1B3-45C9-B192-8D0F38891221}.Debug_TibRv|x86.ActiveCfg = Debug_Http|Any CPU
		{0547C8B1-B1B3-45C9-B192-8D0F38891221}.Debug_TibRv|x86.Build.0 = Debug_Http|Any CPU
		{0547C8B1-B1B3-45C9-B192-8D0F38891221}.Debug|Any CPU.ActiveCfg = Debug|Any CPU
		{0547C8B1-B1B3-45C9-B192-8D0F38891221}.Debug|Any CPU.Build.0 = Debug|Any CPU
		{0547C8B1-B1B3-45C9-B192-8D0F38891221}.Debug|x86.ActiveCfg = Debug|Any CPU
		{0547C8B1-B1B3-45C9-B192-8D0F38891221}.Debug|x86.Build.0 = Debug|Any CPU
		{0547C8B1-B1B3-45C9-B192-8D0F38891221}.Release_Http|Any CPU.ActiveCfg = Release_Http|Any CPU
		{0547C8B1-B1B3-45C9-B192-8D0F38891221}.Release_Http|Any CPU.Build.0 = Release_Http|Any CPU
		{0547C8B1-B1B3-45C9-B192-8D0F38891221}.Release_Http|x86.ActiveCfg = Release_Http|Any CPU
		{0547C8B1-B1B3-45C9-B192-8D0F38891221}.Release_Http|x86.Build.0 = Release_Http|Any CPU
		{0547C8B1-B1B3-45C9-B192-8D0F38891221}.Release_QI|Any CPU.ActiveCfg = Release_QI|Any CPU
		{0547C8B1-B1B3-45C9-B192-8D0F38891221}.Release_QI|Any CPU.Build.0 = Release_QI|Any CPU
		{0547C8B1-B1B3-45C9-B192-8D0F38891221}.Release_QI|x86.ActiveCfg = Release_QI|Any CPU
		{0547C8B1-B1B3-45C9-B192-8D0F38891221}.Release_QI|x86.Build.0 = Release_QI|Any CPU
		{0547C8B1-B1B3-45C9-B192-8D0F38891221}.Release_TibRv|Any CPU.ActiveCfg = Release_QI|Any CPU
		{0547C8B1-B1B3-45C9-B192-8D0F38891221}.Release_TibRv|Any CPU.Build.0 = Release_QI|Any CPU
		{0547C8B1-B1B3-45C9-B192-8D0F38891221}.Release_TibRv|x86.ActiveCfg = Release_QI|Any CPU
		{0547C8B1-B1B3-45C9-B192-8D0F38891221}.Release_TibRv|x86.Build.0 = Release_QI|Any CPU
		{0547C8B1-B1B3-45C9-B192-8D0F38891221}.Release|Any CPU.ActiveCfg = Release|Any CPU
		{0547C8B1-B1B3-45C9-B192-8D0F38891221}.Release|Any CPU.Build.0 = Release|Any CPU
		{0547C8B1-B1B3-45C9-B192-8D0F38891221}.Release|x86.ActiveCfg = Release|Any CPU
		{0547C8B1-B1B3-45C9-B192-8D0F38891221}.Release|x86.Build.0 = Release|Any CPU
		{9D8C0236-B106-44AE-8987-67BAFA27486C}.Debug_Http|Any CPU.ActiveCfg = Debug|Any CPU
		{9D8C0236-B106-44AE-8987-67BAFA27486C}.Debug_Http|Any CPU.Build.0 = Debug|Any CPU
		{9D8C0236-B106-44AE-8987-67BAFA27486C}.Debug_Http|x86.ActiveCfg = Debug|x86
		{9D8C0236-B106-44AE-8987-67BAFA27486C}.Debug_Http|x86.Build.0 = Debug|x86
		{9D8C0236-B106-44AE-8987-67BAFA27486C}.Debug_TibRv|Any CPU.ActiveCfg = Debug|Any CPU
		{9D8C0236-B106-44AE-8987-67BAFA27486C}.Debug_TibRv|Any CPU.Build.0 = Debug|Any CPU
		{9D8C0236-B106-44AE-8987-67BAFA27486C}.Debug_TibRv|x86.ActiveCfg = Debug|x86
		{9D8C0236-B106-44AE-8987-67BAFA27486C}.Debug_TibRv|x86.Build.0 = Debug|x86
		{9D8C0236-B106-44AE-8987-67BAFA27486C}.Debug|Any CPU.ActiveCfg = Debug|Any CPU
		{9D8C0236-B106-44AE-8987-67BAFA27486C}.Debug|Any CPU.Build.0 = Debug|Any CPU
		{9D8C0236-B106-44AE-8987-67BAFA27486C}.Debug|x86.ActiveCfg = Debug|x86
		{9D8C0236-B106-44AE-8987-67BAFA27486C}.Debug|x86.Build.0 = Debug|x86
		{9D8C0236-B106-44AE-8987-67BAFA27486C}.Release_Http|Any CPU.ActiveCfg = Release|Any CPU
		{9D8C0236-B106-44AE-8987-67BAFA27486C}.Release_Http|Any CPU.Build.0 = Release|Any CPU
		{9D8C0236-B106-44AE-8987-67BAFA27486C}.Release_Http|x86.ActiveCfg = Release|x86
		{9D8C0236-B106-44AE-8987-67BAFA27486C}.Release_Http|x86.Build.0 = Release|x86
		{9D8C0236-B106-44AE-8987-67BAFA27486C}.Release_QI|Any CPU.ActiveCfg = Release|Any CPU
		{9D8C0236-B106-44AE-8987-67BAFA27486C}.Release_QI|Any CPU.Build.0 = Release|Any CPU
		{9D8C0236-B106-44AE-8987-67BAFA27486C}.Release_QI|x86.ActiveCfg = Release|x86
		{9D8C0236-B106-44AE-8987-67BAFA27486C}.Release_QI|x86.Build.0 = Release|x86
		{9D8C0236-B106-44AE-8987-67BAFA27486C}.Release_TibRv|Any CPU.ActiveCfg = Release|Any CPU
		{9D8C0236-B106-44AE-8987-67BAFA27486C}.Release_TibRv|Any CPU.Build.0 = Release|Any CPU
		{9D8C0236-B106-44AE-8987-67BAFA27486C}.Release_TibRv|x86.ActiveCfg = Release|x86
		{9D8C0236-B106-44AE-8987-67BAFA27486C}.Release_TibRv|x86.Build.0 = Release|x86
		{9D8C0236-B106-44AE-8987-67BAFA27486C}.Release|Any CPU.ActiveCfg = Release|Any CPU
		{9D8C0236-B106-44AE-8987-67BAFA27486C}.Release|Any CPU.Build.0 = Release|Any CPU
		{9D8C0236-B106-44AE-8987-67BAFA27486C}.Release|x86.ActiveCfg = Release|x86
		{9D8C0236-B106-44AE-8987-67BAFA27486C}.Release|x86.Build.0 = Release|x86
		{3C73EA3B-CCA6-4E6B-B0F3-F054BCE8EB4B}.Debug_Http|Any CPU.ActiveCfg = Debug|Any CPU
		{3C73EA3B-CCA6-4E6B-B0F3-F054BCE8EB4B}.Debug_Http|Any CPU.Build.0 = Debug|Any CPU
		{3C73EA3B-CCA6-4E6B-B0F3-F054BCE8EB4B}.Debug_Http|x86.ActiveCfg = Debug|x86
		{3C73EA3B-CCA6-4E6B-B0F3-F054BCE8EB4B}.Debug_Http|x86.Build.0 = Debug|x86
		{3C73EA3B-CCA6-4E6B-B0F3-F054BCE8EB4B}.Debug_TibRv|Any CPU.ActiveCfg = Debug|Any CPU
		{3C73EA3B-CCA6-4E6B-B0F3-F054BCE8EB4B}.Debug_TibRv|Any CPU.Build.0 = Debug|Any CPU
		{3C73EA3B-CCA6-4E6B-B0F3-F054BCE8EB4B}.Debug_TibRv|x86.ActiveCfg = Debug|x86
		{3C73EA3B-CCA6-4E6B-B0F3-F054BCE8EB4B}.Debug_TibRv|x86.Build.0 = Debug|x86
		{3C73EA3B-CCA6-4E6B-B0F3-F054BCE8EB4B}.Debug|Any CPU.ActiveCfg = Debug|Any CPU
		{3C73EA3B-CCA6-4E6B-B0F3-F054BCE8EB4B}.Debug|Any CPU.Build.0 = Debug|Any CPU
		{3C73EA3B-CCA6-4E6B-B0F3-F054BCE8EB4B}.Debug|x86.ActiveCfg = Debug|x86
		{3C73EA3B-CCA6-4E6B-B0F3-F054BCE8EB4B}.Debug|x86.Build.0 = Debug|x86
		{3C73EA3B-CCA6-4E6B-B0F3-F054BCE8EB4B}.Release_Http|Any CPU.ActiveCfg = Release|Any CPU
		{3C73EA3B-CCA6-4E6B-B0F3-F054BCE8EB4B}.Release_Http|Any CPU.Build.0 = Release|Any CPU
		{3C73EA3B-CCA6-4E6B-B0F3-F054BCE8EB4B}.Release_Http|x86.ActiveCfg = Release|x86
		{3C73EA3B-CCA6-4E6B-B0F3-F054BCE8EB4B}.Release_Http|x86.Build.0 = Release|x86
		{3C73EA3B-CCA6-4E6B-B0F3-F054BCE8EB4B}.Release_QI|Any CPU.ActiveCfg = Release|Any CPU
		{3C73EA3B-CCA6-4E6B-B0F3-F054BCE8EB4B}.Release_QI|Any CPU.Build.0 = Release|Any CPU
		{3C73EA3B-CCA6-4E6B-B0F3-F054BCE8EB4B}.Release_QI|x86.ActiveCfg = Release|x86
		{3C73EA3B-CCA6-4E6B-B0F3-F054BCE8EB4B}.Release_QI|x86.Build.0 = Release|x86
		{3C73EA3B-CCA6-4E6B-B0F3-F054BCE8EB4B}.Release_TibRv|Any CPU.ActiveCfg = Release|Any CPU
		{3C73EA3B-CCA6-4E6B-B0F3-F054BCE8EB4B}.Release_TibRv|Any CPU.Build.0 = Release|Any CPU
		{3C73EA3B-CCA6-4E6B-B0F3-F054BCE8EB4B}.Release_TibRv|x86.ActiveCfg = Release|x86
		{3C73EA3B-CCA6-4E6B-B0F3-F054BCE8EB4B}.Release_TibRv|x86.Build.0 = Release|x86
		{3C73EA3B-CCA6-4E6B-B0F3-F054BCE8EB4B}.Release|Any CPU.ActiveCfg = Release|Any CPU
		{3C73EA3B-CCA6-4E6B-B0F3-F054BCE8EB4B}.Release|Any CPU.Build.0 = Release|Any CPU
		{3C73EA3B-CCA6-4E6B-B0F3-F054BCE8EB4B}.Release|x86.ActiveCfg = Release|x86
		{3C73EA3B-CCA6-4E6B-B0F3-F054BCE8EB4B}.Release|x86.Build.0 = Release|x86
		{66A4132A-2ACE-4A05-ADF5-AF7BAAD6A7D8}.Debug_Http|Any CPU.ActiveCfg = Debug|Any CPU
		{66A4132A-2ACE-4A05-ADF5-AF7BAAD6A7D8}.Debug_Http|Any CPU.Build.0 = Debug|Any CPU
		{66A4132A-2ACE-4A05-ADF5-AF7BAAD6A7D8}.Debug_Http|x86.ActiveCfg = Debug|x86
		{66A4132A-2ACE-4A05-ADF5-AF7BAAD6A7D8}.Debug_Http|x86.Build.0 = Debug|x86
		{66A4132A-2ACE-4A05-ADF5-AF7BAAD6A7D8}.Debug_TibRv|Any CPU.ActiveCfg = Debug|Any CPU
		{66A4132A-2ACE-4A05-ADF5-AF7BAAD6A7D8}.Debug_TibRv|Any CPU.Build.0 = Debug|Any CPU
		{66A4132A-2ACE-4A05-ADF5-AF7BAAD6A7D8}.Debug_TibRv|x86.ActiveCfg = Debug|x86
		{66A4132A-2ACE-4A05-ADF5-AF7BAAD6A7D8}.Debug_TibRv|x86.Build.0 = Debug|x86
		{66A4132A-2ACE-4A05-ADF5-AF7BAAD6A7D8}.Debug|Any CPU.ActiveCfg = Debug|Any CPU
		{66A4132A-2ACE-4A05-ADF5-AF7BAAD6A7D8}.Debug|Any CPU.Build.0 = Debug|Any CPU
		{66A4132A-2ACE-4A05-ADF5-AF7BAAD6A7D8}.Debug|x86.ActiveCfg = Debug|x86
		{66A4132A-2ACE-4A05-ADF5-AF7BAAD6A7D8}.Debug|x86.Build.0 = Debug|x86
		{66A4132A-2ACE-4A05-ADF5-AF7BAAD6A7D8}.Release_Http|Any CPU.ActiveCfg = Release|Any CPU
		{66A4132A-2ACE-4A05-ADF5-AF7BAAD6A7D8}.Release_Http|Any CPU.Build.0 = Release|Any CPU
		{66A4132A-2ACE-4A05-ADF5-AF7BAAD6A7D8}.Release_Http|x86.ActiveCfg = Release|x86
		{66A4132A-2ACE-4A05-ADF5-AF7BAAD6A7D8}.Release_Http|x86.Build.0 = Release|x86
		{66A4132A-2ACE-4A05-ADF5-AF7BAAD6A7D8}.Release_QI|Any CPU.ActiveCfg = Release|Any CPU
		{66A4132A-2ACE-4A05-ADF5-AF7BAAD6A7D8}.Release_QI|Any CPU.Build.0 = Release|Any CPU
		{66A4132A-2ACE-4A05-ADF5-AF7BAAD6A7D8}.Release_QI|x86.ActiveCfg = Release|x86
		{66A4132A-2ACE-4A05-ADF5-AF7BAAD6A7D8}.Release_QI|x86.Build.0 = Release|x86
		{66A4132A-2ACE-4A05-ADF5-AF7BAAD6A7D8}.Release_TibRv|Any CPU.ActiveCfg = Release|Any CPU
		{66A4132A-2ACE-4A05-ADF5-AF7BAAD6A7D8}.Release_TibRv|Any CPU.Build.0 = Release|Any CPU
		{66A4132A-2ACE-4A05-ADF5-AF7BAAD6A7D8}.Release_TibRv|x86.ActiveCfg = Release|x86
		{66A4132A-2ACE-4A05-ADF5-AF7BAAD6A7D8}.Release_TibRv|x86.Build.0 = Release|x86
		{66A4132A-2ACE-4A05-ADF5-AF7BAAD6A7D8}.Release|Any CPU.ActiveCfg = Release|Any CPU
		{66A4132A-2ACE-4A05-ADF5-AF7BAAD6A7D8}.Release|Any CPU.Build.0 = Release|Any CPU
		{66A4132A-2ACE-4A05-ADF5-AF7BAAD6A7D8}.Release|x86.ActiveCfg = Release|x86
		{66A4132A-2ACE-4A05-ADF5-AF7BAAD6A7D8}.Release|x86.Build.0 = Release|x86
		{FDD5493E-EC90-427F-8DB8-354D147D6FFB}.Debug_Http|Any CPU.ActiveCfg = Debug|Any CPU
		{FDD5493E-EC90-427F-8DB8-354D147D6FFB}.Debug_Http|Any CPU.Build.0 = Debug|Any CPU
		{FDD5493E-EC90-427F-8DB8-354D147D6FFB}.Debug_Http|x86.ActiveCfg = Debug|x86
		{FDD5493E-EC90-427F-8DB8-354D147D6FFB}.Debug_Http|x86.Build.0 = Debug|x86
		{FDD5493E-EC90-427F-8DB8-354D147D6FFB}.Debug_TibRv|Any CPU.ActiveCfg = Debug|Any CPU
		{FDD5493E-EC90-427F-8DB8-354D147D6FFB}.Debug_TibRv|Any CPU.Build.0 = Debug|Any CPU
		{FDD5493E-EC90-427F-8DB8-354D147D6FFB}.Debug_TibRv|x86.ActiveCfg = Debug|x86
		{FDD5493E-EC90-427F-8DB8-354D147D6FFB}.Debug_TibRv|x86.Build.0 = Debug|x86
		{FDD5493E-EC90-427F-8DB8-354D147D6FFB}.Debug|Any CPU.ActiveCfg = Debug|Any CPU
		{FDD5493E-EC90-427F-8DB8-354D147D6FFB}.Debug|Any CPU.Build.0 = Debug|Any CPU
		{FDD5493E-EC90-427F-8DB8-354D147D6FFB}.Debug|x86.ActiveCfg = Debug|x86
		{FDD5493E-EC90-427F-8DB8-354D147D6FFB}.Debug|x86.Build.0 = Debug|x86
		{FDD5493E-EC90-427F-8DB8-354D147D6FFB}.Release_Http|Any CPU.ActiveCfg = Release|Any CPU
		{FDD5493E-EC90-427F-8DB8-354D147D6FFB}.Release_Http|Any CPU.Build.0 = Release|Any CPU
		{FDD5493E-EC90-427F-8DB8-354D147D6FFB}.Release_Http|x86.ActiveCfg = Release|x86
		{FDD5493E-EC90-427F-8DB8-354D147D6FFB}.Release_Http|x86.Build.0 = Release|x86
		{FDD5493E-EC90-427F-8DB8-354D147D6FFB}.Release_QI|Any CPU.ActiveCfg = Release|Any CPU
		{FDD5493E-EC90-427F-8DB8-354D147D6FFB}.Release_QI|Any CPU.Build.0 = Release|Any CPU
		{FDD5493E-EC90-427F-8DB8-354D147D6FFB}.Release_QI|x86.ActiveCfg = Release|x86
		{FDD5493E-EC90-427F-8DB8-354D147D6FFB}.Release_QI|x86.Build.0 = Release|x86
		{FDD5493E-EC90-427F-8DB8-354D147D6FFB}.Release_TibRv|Any CPU.ActiveCfg = Release|Any CPU
		{FDD5493E-EC90-427F-8DB8-354D147D6FFB}.Release_TibRv|Any CPU.Build.0 = Release|Any CPU
		{FDD5493E-EC90-427F-8DB8-354D147D6FFB}.Release_TibRv|x86.ActiveCfg = Release|x86
		{FDD5493E-EC90-427F-8DB8-354D147D6FFB}.Release_TibRv|x86.Build.0 = Release|x86
		{FDD5493E-EC90-427F-8DB8-354D147D6FFB}.Release|Any CPU.ActiveCfg = Release|Any CPU
		{FDD5493E-EC90-427F-8DB8-354D147D6FFB}.Release|Any CPU.Build.0 = Release|Any CPU
		{FDD5493E-EC90-427F-8DB8-354D147D6FFB}.Release|x86.ActiveCfg = Release|x86
		{FDD5493E-EC90-427F-8DB8-354D147D6FFB}.Release|x86.Build.0 = Release|x86
		{72F88714-3591-4587-A5F2-817A6D7E9F2D}.Debug_Http|Any CPU.ActiveCfg = Debug|Any CPU
		{72F88714-3591-4587-A5F2-817A6D7E9F2D}.Debug_Http|Any CPU.Build.0 = Debug|Any CPU
		{72F88714-3591-4587-A5F2-817A6D7E9F2D}.Debug_Http|x86.ActiveCfg = Debug|x86
		{72F88714-3591-4587-A5F2-817A6D7E9F2D}.Debug_Http|x86.Build.0 = Debug|x86
		{72F88714-3591-4587-A5F2-817A6D7E9F2D}.Debug_TibRv|Any CPU.ActiveCfg = Debug|Any CPU
		{72F88714-3591-4587-A5F2-817A6D7E9F2D}.Debug_TibRv|Any CPU.Build.0 = Debug|Any CPU
		{72F88714-3591-4587-A5F2-817A6D7E9F2D}.Debug_TibRv|x86.ActiveCfg = Debug|x86
		{72F88714-3591-4587-A5F2-817A6D7E9F2D}.Debug_TibRv|x86.Build.0 = Debug|x86
		{72F88714-3591-4587-A5F2-817A6D7E9F2D}.Debug|Any CPU.ActiveCfg = Debug|Any CPU
		{72F88714-3591-4587-A5F2-817A6D7E9F2D}.Debug|Any CPU.Build.0 = Debug|Any CPU
		{72F88714-3591-4587-A5F2-817A6D7E9F2D}.Debug|x86.ActiveCfg = Debug|x86
		{72F88714-3591-4587-A5F2-817A6D7E9F2D}.Debug|x86.Build.0 = Debug|x86
		{72F88714-3591-4587-A5F2-817A6D7E9F2D}.Release_Http|Any CPU.ActiveCfg = Release|Any CPU
		{72F88714-3591-4587-A5F2-817A6D7E9F2D}.Release_Http|Any CPU.Build.0 = Release|Any CPU
		{72F88714-3591-4587-A5F2-817A6D7E9F2D}.Release_Http|x86.ActiveCfg = Release|x86
		{72F88714-3591-4587-A5F2-817A6D7E9F2D}.Release_Http|x86.Build.0 = Release|x86
		{72F88714-3591-4587-A5F2-817A6D7E9F2D}.Release_QI|Any CPU.ActiveCfg = Release|Any CPU
		{72F88714-3591-4587-A5F2-817A6D7E9F2D}.Release_QI|Any CPU.Build.0 = Release|Any CPU
		{72F88714-3591-4587-A5F2-817A6D7E9F2D}.Release_QI|x86.ActiveCfg = Release|x86
		{72F88714-3591-4587-A5F2-817A6D7E9F2D}.Release_QI|x86.Build.0 = Release|x86
		{72F88714-3591-4587-A5F2-817A6D7E9F2D}.Release_TibRv|Any CPU.ActiveCfg = Release|Any CPU
		{72F88714-3591-4587-A5F2-817A6D7E9F2D}.Release_TibRv|Any CPU.Build.0 = Release|Any CPU
		{72F88714-3591-4587-A5F2-817A6D7E9F2D}.Release_TibRv|x86.ActiveCfg = Release|x86
		{72F88714-3591-4587-A5F2-817A6D7E9F2D}.Release_TibRv|x86.Build.0 = Release|x86
		{72F88714-3591-4587-A5F2-817A6D7E9F2D}.Release|Any CPU.ActiveCfg = Release|Any CPU
		{72F88714-3591-4587-A5F2-817A6D7E9F2D}.Release|Any CPU.Build.0 = Release|Any CPU
		{72F88714-3591-4587-A5F2-817A6D7E9F2D}.Release|x86.ActiveCfg = Release|x86
		{72F88714-3591-4587-A5F2-817A6D7E9F2D}.Release|x86.Build.0 = Release|x86
		{1789E066-392B-4A66-94F9-5B2566C2F112}.Debug_Http|Any CPU.ActiveCfg = Debug|Any CPU
		{1789E066-392B-4A66-94F9-5B2566C2F112}.Debug_Http|Any CPU.Build.0 = Debug|Any CPU
		{1789E066-392B-4A66-94F9-5B2566C2F112}.Debug_Http|x86.ActiveCfg = Debug|x86
		{1789E066-392B-4A66-94F9-5B2566C2F112}.Debug_Http|x86.Build.0 = Debug|x86
		{1789E066-392B-4A66-94F9-5B2566C2F112}.Debug_TibRv|Any CPU.ActiveCfg = Debug|Any CPU
		{1789E066-392B-4A66-94F9-5B2566C2F112}.Debug_TibRv|Any CPU.Build.0 = Debug|Any CPU
		{1789E066-392B-4A66-94F9-5B2566C2F112}.Debug_TibRv|x86.ActiveCfg = Debug|x86
		{1789E066-392B-4A66-94F9-5B2566C2F112}.Debug_TibRv|x86.Build.0 = Debug|x86
		{1789E066-392B-4A66-94F9-5B2566C2F112}.Debug|Any CPU.ActiveCfg = Debug|Any CPU
		{1789E066-392B-4A66-94F9-5B2566C2F112}.Debug|Any CPU.Build.0 = Debug|Any CPU
		{1789E066-392B-4A66-94F9-5B2566C2F112}.Debug|x86.ActiveCfg = Debug|x86
		{1789E066-392B-4A66-94F9-5B2566C2F112}.Debug|x86.Build.0 = Debug|x86
		{1789E066-392B-4A66-94F9-5B2566C2F112}.Release_Http|Any CPU.ActiveCfg = Release|Any CPU
		{1789E066-392B-4A66-94F9-5B2566C2F112}.Release_Http|Any CPU.Build.0 = Release|Any CPU
		{1789E066-392B-4A66-94F9-5B2566C2F112}.Release_Http|x86.ActiveCfg = Release|x86
		{1789E066-392B-4A66-94F9-5B2566C2F112}.Release_Http|x86.Build.0 = Release|x86
		{1789E066-392B-4A66-94F9-5B2566C2F112}.Release_QI|Any CPU.ActiveCfg = Release|Any CPU
		{1789E066-392B-4A66-94F9-5B2566C2F112}.Release_QI|Any CPU.Build.0 = Release|Any CPU
		{1789E066-392B-4A66-94F9-5B2566C2F112}.Release_QI|x86.ActiveCfg = Release|x86
		{1789E066-392B-4A66-94F9-5B2566C2F112}.Release_QI|x86.Build.0 = Release|x86
		{1789E066-392B-4A66-94F9-5B2566C2F112}.Release_TibRv|Any CPU.ActiveCfg = Release|Any CPU
		{1789E066-392B-4A66-94F9-5B2566C2F112}.Release_TibRv|Any CPU.Build.0 = Release|Any CPU
		{1789E066-392B-4A66-94F9-5B2566C2F112}.Release_TibRv|x86.ActiveCfg = Release|x86
		{1789E066-392B-4A66-94F9-5B2566C2F112}.Release_TibRv|x86.Build.0 = Release|x86
		{1789E066-392B-4A66-94F9-5B2566C2F112}.Release|Any CPU.ActiveCfg = Release|Any CPU
		{1789E066-392B-4A66-94F9-5B2566C2F112}.Release|Any CPU.Build.0 = Release|Any CPU
		{1789E066-392B-4A66-94F9-5B2566C2F112}.Release|x86.ActiveCfg = Release|x86
		{1789E066-392B-4A66-94F9-5B2566C2F112}.Release|x86.Build.0 = Release|x86
		{246DD2AD-3FB0-44AE-9DF8-A7B7C6A1E852}.Debug_Http|Any CPU.ActiveCfg = Debug_Http|Any CPU
		{246DD2AD-3FB0-44AE-9DF8-A7B7C6A1E852}.Debug_Http|Any CPU.Build.0 = Debug_Http|Any CPU
		{246DD2AD-3FB0-44AE-9DF8-A7B7C6A1E852}.Debug_Http|x86.ActiveCfg = Debug_Http|Any CPU
		{246DD2AD-3FB0-44AE-9DF8-A7B7C6A1E852}.Debug_Http|x86.Build.0 = Debug_Http|Any CPU
		{246DD2AD-3FB0-44AE-9DF8-A7B7C6A1E852}.Debug_TibRv|Any CPU.ActiveCfg = Debug_Http|Any CPU
		{246DD2AD-3FB0-44AE-9DF8-A7B7C6A1E852}.Debug_TibRv|Any CPU.Build.0 = Debug_Http|Any CPU
		{246DD2AD-3FB0-44AE-9DF8-A7B7C6A1E852}.Debug_TibRv|x86.ActiveCfg = Debug_Http|Any CPU
		{246DD2AD-3FB0-44AE-9DF8-A7B7C6A1E852}.Debug_TibRv|x86.Build.0 = Debug_Http|Any CPU
		{246DD2AD-3FB0-44AE-9DF8-A7B7C6A1E852}.Debug|Any CPU.ActiveCfg = Debug|Any CPU
		{246DD2AD-3FB0-44AE-9DF8-A7B7C6A1E852}.Debug|Any CPU.Build.0 = Debug|Any CPU
		{246DD2AD-3FB0-44AE-9DF8-A7B7C6A1E852}.Debug|x86.ActiveCfg = Debug|Any CPU
		{246DD2AD-3FB0-44AE-9DF8-A7B7C6A1E852}.Debug|x86.Build.0 = Debug|Any CPU
		{246DD2AD-3FB0-44AE-9DF8-A7B7C6A1E852}.Release_Http|Any CPU.ActiveCfg = Release_Http|Any CPU
		{246DD2AD-3FB0-44AE-9DF8-A7B7C6A1E852}.Release_Http|Any CPU.Build.0 = Release_Http|Any CPU
		{246DD2AD-3FB0-44AE-9DF8-A7B7C6A1E852}.Release_Http|x86.ActiveCfg = Release_Http|Any CPU
		{246DD2AD-3FB0-44AE-9DF8-A7B7C6A1E852}.Release_Http|x86.Build.0 = Release_Http|Any CPU
		{246DD2AD-3FB0-44AE-9DF8-A7B7C6A1E852}.Release_QI|Any CPU.ActiveCfg = Release_QI|Any CPU
		{246DD2AD-3FB0-44AE-9DF8-A7B7C6A1E852}.Release_QI|Any CPU.Build.0 = Release_QI|Any CPU
		{246DD2AD-3FB0-44AE-9DF8-A7B7C6A1E852}.Release_QI|x86.ActiveCfg = Release_QI|Any CPU
		{246DD2AD-3FB0-44AE-9DF8-A7B7C6A1E852}.Release_QI|x86.Build.0 = Release_QI|Any CPU
		{246DD2AD-3FB0-44AE-9DF8-A7B7C6A1E852}.Release_TibRv|Any CPU.ActiveCfg = Release_QI|Any CPU
		{246DD2AD-3FB0-44AE-9DF8-A7B7C6A1E852}.Release_TibRv|Any CPU.Build.0 = Release_QI|Any CPU
		{246DD2AD-3FB0-44AE-9DF8-A7B7C6A1E852}.Release_TibRv|x86.ActiveCfg = Release_QI|Any CPU
		{246DD2AD-3FB0-44AE-9DF8-A7B7C6A1E852}.Release_TibRv|x86.Build.0 = Release_QI|Any CPU
		{246DD2AD-3FB0-44AE-9DF8-A7B7C6A1E852}.Release|Any CPU.ActiveCfg = Release|Any CPU
		{246DD2AD-3FB0-44AE-9DF8-A7B7C6A1E852}.Release|Any CPU.Build.0 = Release|Any CPU
		{246DD2AD-3FB0-44AE-9DF8-A7B7C6A1E852}.Release|x86.ActiveCfg = Release|Any CPU
		{246DD2AD-3FB0-44AE-9DF8-A7B7C6A1E852}.Release|x86.Build.0 = Release|Any CPU
		{37390C51-78E1-4AF8-8227-2F6C1A2E7480}.Debug_Http|Any CPU.ActiveCfg = Debug|Any CPU
		{37390C51-78E1-4AF8-8227-2F6C1A2E7480}.Debug_Http|Any CPU.Build.0 = Debug|Any CPU
		{37390C51-78E1-4AF8-8227-2F6C1A2E7480}.Debug_Http|x86.ActiveCfg = Debug|x86
		{37390C51-78E1-4AF8-8227-2F6C1A2E7480}.Debug_Http|x86.Build.0 = Debug|x86
		{37390C51-78E1-4AF8-8227-2F6C1A2E7480}.Debug_TibRv|Any CPU.ActiveCfg = Debug|Any CPU
		{37390C51-78E1-4AF8-8227-2F6C1A2E7480}.Debug_TibRv|Any CPU.Build.0 = Debug|Any CPU
		{37390C51-78E1-4AF8-8227-2F6C1A2E7480}.Debug_TibRv|x86.ActiveCfg = Debug|x86
		{37390C51-78E1-4AF8-8227-2F6C1A2E7480}.Debug_TibRv|x86.Build.0 = Debug|x86
		{37390C51-78E1-4AF8-8227-2F6C1A2E7480}.Debug|Any CPU.ActiveCfg = Debug|Any CPU
		{37390C51-78E1-4AF8-8227-2F6C1A2E7480}.Debug|Any CPU.Build.0 = Debug|Any CPU
		{37390C51-78E1-4AF8-8227-2F6C1A2E7480}.Debug|x86.ActiveCfg = Debug|x86
		{37390C51-78E1-4AF8-8227-2F6C1A2E7480}.Debug|x86.Build.0 = Debug|x86
		{37390C51-78E1-4AF8-8227-2F6C1A2E7480}.Release_Http|Any CPU.ActiveCfg = Release|Any CPU
		{37390C51-78E1-4AF8-8227-2F6C1A2E7480}.Release_Http|Any CPU.Build.0 = Release|Any CPU
		{37390C51-78E1-4AF8-8227-2F6C1A2E7480}.Release_Http|x86.ActiveCfg = Release|x86
		{37390C51-78E1-4AF8-8227-2F6C1A2E7480}.Release_Http|x86.Build.0 = Release|x86
		{37390C51-78E1-4AF8-8227-2F6C1A2E7480}.Release_QI|Any CPU.ActiveCfg = Release|Any CPU
		{37390C51-78E1-4AF8-8227-2F6C1A2E7480}.Release_QI|Any CPU.Build.0 = Release|Any CPU
		{37390C51-78E1-4AF8-8227-2F6C1A2E7480}.Release_QI|x86.ActiveCfg = Release|x86
		{37390C51-78E1-4AF8-8227-2F6C1A2E7480}.Release_QI|x86.Build.0 = Release|x86
		{37390C51-78E1-4AF8-8227-2F6C1A2E7480}.Release_TibRv|Any CPU.ActiveCfg = Release|Any CPU
		{37390C51-78E1-4AF8-8227-2F6C1A2E7480}.Release_TibRv|Any CPU.Build.0 = Release|Any CPU
		{37390C51-78E1-4AF8-8227-2F6C1A2E7480}.Release_TibRv|x86.ActiveCfg = Release|x86
		{37390C51-78E1-4AF8-8227-2F6C1A2E7480}.Release_TibRv|x86.Build.0 = Release|x86
		{37390C51-78E1-4AF8-8227-2F6C1A2E7480}.Release|Any CPU.ActiveCfg = Release|Any CPU
		{37390C51-78E1-4AF8-8227-2F6C1A2E7480}.Release|Any CPU.Build.0 = Release|Any CPU
		{37390C51-78E1-4AF8-8227-2F6C1A2E7480}.Release|x86.ActiveCfg = Release|x86
		{37390C51-78E1-4AF8-8227-2F6C1A2E7480}.Release|x86.Build.0 = Release|x86
		{C14E0400-A965-4389-9C66-2048A41F6AD9}.Debug_Http|Any CPU.ActiveCfg = Debug|Any CPU
		{C14E0400-A965-4389-9C66-2048A41F6AD9}.Debug_Http|Any CPU.Build.0 = Debug|Any CPU
		{C14E0400-A965-4389-9C66-2048A41F6AD9}.Debug_Http|x86.ActiveCfg = Debug|x86
		{C14E0400-A965-4389-9C66-2048A41F6AD9}.Debug_Http|x86.Build.0 = Debug|x86
		{C14E0400-A965-4389-9C66-2048A41F6AD9}.Debug_TibRv|Any CPU.ActiveCfg = Debug|Any CPU
		{C14E0400-A965-4389-9C66-2048A41F6AD9}.Debug_TibRv|Any CPU.Build.0 = Debug|Any CPU
		{C14E0400-A965-4389-9C66-2048A41F6AD9}.Debug_TibRv|x86.ActiveCfg = Debug|x86
		{C14E0400-A965-4389-9C66-2048A41F6AD9}.Debug_TibRv|x86.Build.0 = Debug|x86
		{C14E0400-A965-4389-9C66-2048A41F6AD9}.Debug|Any CPU.ActiveCfg = Debug|Any CPU
		{C14E0400-A965-4389-9C66-2048A41F6AD9}.Debug|Any CPU.Build.0 = Debug|Any CPU
		{C14E0400-A965-4389-9C66-2048A41F6AD9}.Debug|x86.ActiveCfg = Debug|x86
		{C14E0400-A965-4389-9C66-2048A41F6AD9}.Debug|x86.Build.0 = Debug|x86
		{C14E0400-A965-4389-9C66-2048A41F6AD9}.Release_Http|Any CPU.ActiveCfg = Release|Any CPU
		{C14E0400-A965-4389-9C66-2048A41F6AD9}.Release_Http|Any CPU.Build.0 = Release|Any CPU
		{C14E0400-A965-4389-9C66-2048A41F6AD9}.Release_Http|x86.ActiveCfg = Release|x86
		{C14E0400-A965-4389-9C66-2048A41F6AD9}.Release_Http|x86.Build.0 = Release|x86
		{C14E0400-A965-4389-9C66-2048A41F6AD9}.Release_QI|Any CPU.ActiveCfg = Release|Any CPU
		{C14E0400-A965-4389-9C66-2048A41F6AD9}.Release_QI|Any CPU.Build.0 = Release|Any CPU
		{C14E0400-A965-4389-9C66-2048A41F6AD9}.Release_QI|x86.ActiveCfg = Release|x86
		{C14E0400-A965-4389-9C66-2048A41F6AD9}.Release_QI|x86.Build.0 = Release|x86
		{C14E0400-A965-4389-9C66-2048A41F6AD9}.Release_TibRv|Any CPU.ActiveCfg = Release|Any CPU
		{C14E0400-A965-4389-9C66-2048A41F6AD9}.Release_TibRv|Any CPU.Build.0 = Release|Any CPU
		{C14E0400-A965-4389-9C66-2048A41F6AD9}.Release_TibRv|x86.ActiveCfg = Release|x86
		{C14E0400-A965-4389-9C66-2048A41F6AD9}.Release_TibRv|x86.Build.0 = Release|x86
		{C14E0400-A965-4389-9C66-2048A41F6AD9}.Release|Any CPU.ActiveCfg = Release|Any CPU
		{C14E0400-A965-4389-9C66-2048A41F6AD9}.Release|Any CPU.Build.0 = Release|Any CPU
		{C14E0400-A965-4389-9C66-2048A41F6AD9}.Release|x86.ActiveCfg = Release|x86
		{C14E0400-A965-4389-9C66-2048A41F6AD9}.Release|x86.Build.0 = Release|x86
		{2BF1596C-58CC-480E-B748-5328F038967C}.Debug_Http|Any CPU.ActiveCfg = Debug_Http|Any CPU
		{2BF1596C-58CC-480E-B748-5328F038967C}.Debug_Http|Any CPU.Build.0 = Debug_Http|Any CPU
		{2BF1596C-58CC-480E-B748-5328F038967C}.Debug_Http|x86.ActiveCfg = Debug_Http|Any CPU
		{2BF1596C-58CC-480E-B748-5328F038967C}.Debug_Http|x86.Build.0 = Debug_Http|Any CPU
		{2BF1596C-58CC-480E-B748-5328F038967C}.Debug_TibRv|Any CPU.ActiveCfg = Debug_Http|Any CPU
		{2BF1596C-58CC-480E-B748-5328F038967C}.Debug_TibRv|Any CPU.Build.0 = Debug_Http|Any CPU
		{2BF1596C-58CC-480E-B748-5328F038967C}.Debug_TibRv|x86.ActiveCfg = Debug_Http|Any CPU
		{2BF1596C-58CC-480E-B748-5328F038967C}.Debug_TibRv|x86.Build.0 = Debug_Http|Any CPU
		{2BF1596C-58CC-480E-B748-5328F038967C}.Debug|Any CPU.ActiveCfg = Debug|Any CPU
		{2BF1596C-58CC-480E-B748-5328F038967C}.Debug|Any CPU.Build.0 = Debug|Any CPU
		{2BF1596C-58CC-480E-B748-5328F038967C}.Debug|x86.ActiveCfg = Debug|Any CPU
		{2BF1596C-58CC-480E-B748-5328F038967C}.Debug|x86.Build.0 = Debug|Any CPU
		{2BF1596C-58CC-480E-B748-5328F038967C}.Release_Http|Any CPU.ActiveCfg = Release_Http|Any CPU
		{2BF1596C-58CC-480E-B748-5328F038967C}.Release_Http|Any CPU.Build.0 = Release_Http|Any CPU
		{2BF1596C-58CC-480E-B748-5328F038967C}.Release_Http|x86.ActiveCfg = Release_Http|Any CPU
		{2BF1596C-58CC-480E-B748-5328F038967C}.Release_Http|x86.Build.0 = Release_Http|Any CPU
		{2BF1596C-58CC-480E-B748-5328F038967C}.Release_QI|Any CPU.ActiveCfg = Release_QI|Any CPU
		{2BF1596C-58CC-480E-B748-5328F038967C}.Release_QI|Any CPU.Build.0 = Release_QI|Any CPU
		{2BF1596C-58CC-480E-B748-5328F038967C}.Release_QI|x86.ActiveCfg = Release_QI|Any CPU
		{2BF1596C-58CC-480E-B748-5328F038967C}.Release_QI|x86.Build.0 = Release_QI|Any CPU
		{2BF1596C-58CC-480E-B748-5328F038967C}.Release_TibRv|Any CPU.ActiveCfg = Release_QI|Any CPU
		{2BF1596C-58CC-480E-B748-5328F038967C}.Release_TibRv|Any CPU.Build.0 = Release_QI|Any CPU
		{2BF1596C-58CC-480E-B748-5328F038967C}.Release_TibRv|x86.ActiveCfg = Release_QI|Any CPU
		{2BF1596C-58CC-480E-B748-5328F038967C}.Release_TibRv|x86.Build.0 = Release_QI|Any CPU
		{2BF1596C-58CC-480E-B748-5328F038967C}.Release|Any CPU.ActiveCfg = Release|Any CPU
		{2BF1596C-58CC-480E-B748-5328F038967C}.Release|Any CPU.Build.0 = Release|Any CPU
		{2BF1596C-58CC-480E-B748-5328F038967C}.Release|x86.ActiveCfg = Release|Any CPU
		{2BF1596C-58CC-480E-B748-5328F038967C}.Release|x86.Build.0 = Release|Any CPU
		{2E5CC3EF-27CE-464B-85DB-DAFDF5EBF0B3}.Debug_Http|Any CPU.ActiveCfg = Debug_Http
		{2E5CC3EF-27CE-464B-85DB-DAFDF5EBF0B3}.Debug_Http|Any CPU.Build.0 = Debug_Http
		{2E5CC3EF-27CE-464B-85DB-DAFDF5EBF0B3}.Debug_Http|x86.ActiveCfg = Debug_Http
		{2E5CC3EF-27CE-464B-85DB-DAFDF5EBF0B3}.Debug_Http|x86.Build.0 = Debug_Http
		{2E5CC3EF-27CE-464B-85DB-DAFDF5EBF0B3}.Debug_TibRv|Any CPU.ActiveCfg = Debug_Http
		{2E5CC3EF-27CE-464B-85DB-DAFDF5EBF0B3}.Debug_TibRv|Any CPU.Build.0 = Debug_Http
		{2E5CC3EF-27CE-464B-85DB-DAFDF5EBF0B3}.Debug_TibRv|x86.ActiveCfg = Debug_Http
		{2E5CC3EF-27CE-464B-85DB-DAFDF5EBF0B3}.Debug_TibRv|x86.Build.0 = Debug_Http
		{2E5CC3EF-27CE-464B-85DB-DAFDF5EBF0B3}.Debug|Any CPU.ActiveCfg = Debug
		{2E5CC3EF-27CE-464B-85DB-DAFDF5EBF0B3}.Debug|x86.ActiveCfg = Debug
		{2E5CC3EF-27CE-464B-85DB-DAFDF5EBF0B3}.Debug|x86.Build.0 = Debug
		{2E5CC3EF-27CE-464B-85DB-DAFDF5EBF0B3}.Release_Http|Any CPU.ActiveCfg = Release_Http
		{2E5CC3EF-27CE-464B-85DB-DAFDF5EBF0B3}.Release_Http|Any CPU.Build.0 = Release_Http
		{2E5CC3EF-27CE-464B-85DB-DAFDF5EBF0B3}.Release_Http|x86.ActiveCfg = Release_Http
		{2E5CC3EF-27CE-464B-85DB-DAFDF5EBF0B3}.Release_Http|x86.Build.0 = Release_Http
		{2E5CC3EF-27CE-464B-85DB-DAFDF5EBF0B3}.Release_QI|Any CPU.ActiveCfg = Release_QI
		{2E5CC3EF-27CE-464B-85DB-DAFDF5EBF0B3}.Release_QI|Any CPU.Build.0 = Release_QI
		{2E5CC3EF-27CE-464B-85DB-DAFDF5EBF0B3}.Release_QI|x86.ActiveCfg = Release_QI
		{2E5CC3EF-27CE-464B-85DB-DAFDF5EBF0B3}.Release_QI|x86.Build.0 = Release_QI
		{2E5CC3EF-27CE-464B-85DB-DAFDF5EBF0B3}.Release_TibRv|Any CPU.ActiveCfg = Release_QI
		{2E5CC3EF-27CE-464B-85DB-DAFDF5EBF0B3}.Release_TibRv|Any CPU.Build.0 = Release_QI
		{2E5CC3EF-27CE-464B-85DB-DAFDF5EBF0B3}.Release_TibRv|x86.ActiveCfg = Release_QI
		{2E5CC3EF-27CE-464B-85DB-DAFDF5EBF0B3}.Release_TibRv|x86.Build.0 = Release_QI
		{2E5CC3EF-27CE-464B-85DB-DAFDF5EBF0B3}.Release|Any CPU.ActiveCfg = Release
		{2E5CC3EF-27CE-464B-85DB-DAFDF5EBF0B3}.Release|Any CPU.Build.0 = Release
		{2E5CC3EF-27CE-464B-85DB-DAFDF5EBF0B3}.Release|x86.ActiveCfg = Release
		{2E5CC3EF-27CE-464B-85DB-DAFDF5EBF0B3}.Release|x86.Build.0 = Release
		{B7663F33-1159-44C2-A3A9-094D96AEF9AA}.Debug_Http|Any CPU.ActiveCfg = Debug|Any CPU
		{B7663F33-1159-44C2-A3A9-094D96AEF9AA}.Debug_Http|Any CPU.Build.0 = Debug|Any CPU
		{B7663F33-1159-44C2-A3A9-094D96AEF9AA}.Debug_Http|x86.ActiveCfg = Debug|Any CPU
		{B7663F33-1159-44C2-A3A9-094D96AEF9AA}.Debug_Http|x86.Build.0 = Debug|Any CPU
		{B7663F33-1159-44C2-A3A9-094D96AEF9AA}.Debug_TibRv|Any CPU.ActiveCfg = Debug|Any CPU
		{B7663F33-1159-44C2-A3A9-094D96AEF9AA}.Debug_TibRv|Any CPU.Build.0 = Debug|Any CPU
		{B7663F33-1159-44C2-A3A9-094D96AEF9AA}.Debug_TibRv|x86.ActiveCfg = Debug|Any CPU
		{B7663F33-1159-44C2-A3A9-094D96AEF9AA}.Debug_TibRv|x86.Build.0 = Debug|Any CPU
		{B7663F33-1159-44C2-A3A9-094D96AEF9AA}.Debug|Any CPU.ActiveCfg = Debug|Any CPU
		{B7663F33-1159-44C2-A3A9-094D96AEF9AA}.Debug|Any CPU.Build.0 = Debug|Any CPU
		{B7663F33-1159-44C2-A3A9-094D96AEF9AA}.Debug|x86.ActiveCfg = Debug|Any CPU
		{B7663F33-1159-44C2-A3A9-094D96AEF9AA}.Debug|x86.Build.0 = Debug|Any CPU
		{B7663F33-1159-44C2-A3A9-094D96AEF9AA}.Release_Http|Any CPU.ActiveCfg = Release_QI|Any CPU
		{B7663F33-1159-44C2-A3A9-094D96AEF9AA}.Release_Http|Any CPU.Build.0 = Release_QI|Any CPU
		{B7663F33-1159-44C2-A3A9-094D96AEF9AA}.Release_Http|x86.ActiveCfg = Release_QI|Any CPU
		{B7663F33-1159-44C2-A3A9-094D96AEF9AA}.Release_Http|x86.Build.0 = Release_QI|Any CPU
		{B7663F33-1159-44C2-A3A9-094D96AEF9AA}.Release_QI|Any CPU.ActiveCfg = Release_QI|Any CPU
		{B7663F33-1159-44C2-A3A9-094D96AEF9AA}.Release_QI|Any CPU.Build.0 = Release_QI|Any CPU
		{B7663F33-1159-44C2-A3A9-094D96AEF9AA}.Release_QI|x86.ActiveCfg = Release_QI|Any CPU
		{B7663F33-1159-44C2-A3A9-094D96AEF9AA}.Release_QI|x86.Build.0 = Release_QI|Any CPU
		{B7663F33-1159-44C2-A3A9-094D96AEF9AA}.Release_TibRv|Any CPU.ActiveCfg = Release_QI|Any CPU
		{B7663F33-1159-44C2-A3A9-094D96AEF9AA}.Release_TibRv|Any CPU.Build.0 = Release_QI|Any CPU
		{B7663F33-1159-44C2-A3A9-094D96AEF9AA}.Release_TibRv|x86.ActiveCfg = Release_QI|Any CPU
		{B7663F33-1159-44C2-A3A9-094D96AEF9AA}.Release_TibRv|x86.Build.0 = Release_QI|Any CPU
		{B7663F33-1159-44C2-A3A9-094D96AEF9AA}.Release|Any CPU.ActiveCfg = Release|Any CPU
		{B7663F33-1159-44C2-A3A9-094D96AEF9AA}.Release|Any CPU.Build.0 = Release|Any CPU
		{B7663F33-1159-44C2-A3A9-094D96AEF9AA}.Release|x86.ActiveCfg = Release|Any CPU
		{B7663F33-1159-44C2-A3A9-094D96AEF9AA}.Release|x86.Build.0 = Release|Any CPU
	EndGlobalSection
	GlobalSection(SolutionProperties) = preSolution
		HideSolutionNode = FALSE
	EndGlobalSection
	GlobalSection(NestedProjects) = preSolution
		{2E5CC3EF-27CE-464B-85DB-DAFDF5EBF0B3} = {7ADA0047-94A2-463A-94A4-D7E2A4FA270E}
	EndGlobalSection
	GlobalSection(ExtensibilityGlobals) = postSolution
		SolutionGuid = {A701A5CF-E5D0-4876-B060-81A87FD7589A}
	EndGlobalSection
	GlobalSection(DPCodeReviewSolutionGUID) = preSolution
		DPCodeReviewSolutionGUID = {00000000-0000-0000-0000-000000000000}
	EndGlobalSection
EndGlobal
